
Microsoft Visual Studio Solution File, Format Version 12.00
# Visual Studio 14
VisualStudioVersion = 14.0.25420.1
MinimumVisualStudioVersion = 10.0.40219.1
Project("{CC5FD16D-436D-48AD-A40C-5A424C6E3E79}") = "AzureCloudService", "AzureCloudService\AzureCloudService.ccproj", "{A0FA6C1D-4CDF-461E-B93F-3915AF1A5D4E}"
EndProject
Project("{FAE04EC0-301F-11D3-BF4B-00C04F79EFBC}") = "WebRole", "WebRole\WebRole.csproj", "{AB60F849-132E-4083-8C5A-BAECA8B026B6}"
EndProject
Project("{FAE04EC0-301F-11D3-BF4B-00C04F79EFBC}") = "WebApplication", "WebApplication\WebApplication.csproj", "{CE510DBE-87FE-4E69-8710-37DB1D34C96F}"
EndProject
Project("{FAE04EC0-301F-11D3-BF4B-00C04F79EFBC}") = "WebApplication.Jobs", "WebApplication.Jobs\WebApplication.Jobs.csproj", "{4D74F8CB-A759-44C3-BCD2-99CA591C302C}"
EndProject
Project("{8BB2217D-0F2D-49D1-97BC-3654ED321F3B}") = "WebApplication.AspNet.Core", "WebApplication.AspNet.Core\WebApplication.AspNet.Core.xproj", "{D34E5F8F-F02F-444B-A77A-CC700C15D266}"
EndProject
Project("{8BB2217D-0F2D-49D1-97BC-3654ED321F3B}") = "WebApplication.AspNet.Core.Tests", "WebApplication.AspNet.Core.Tests\WebApplication.AspNet.Core.Tests.xproj", "{7830D447-BFFC-45D3-9325-B78F0A95D6B9}"
EndProject
Project("{FAE04EC0-301F-11D3-BF4B-00C04F79EFBC}") = "WebApplication.Tests", "WebApplication.Tests\WebApplication.Tests.csproj", "{DE5C87BC-DF34-4F13-8CBC-9B76D7BC4E66}"
EndProject
Global
	GlobalSection(SolutionConfigurationPlatforms) = preSolution
		Debug|Any CPU = Debug|Any CPU
		Release|Any CPU = Release|Any CPU
	EndGlobalSection
	GlobalSection(ProjectConfigurationPlatforms) = postSolution
		{A0FA6C1D-4CDF-461E-B93F-3915AF1A5D4E}.Debug|Any CPU.ActiveCfg = Debug|Any CPU
		{A0FA6C1D-4CDF-461E-B93F-3915AF1A5D4E}.Debug|Any CPU.Build.0 = Debug|Any CPU
		{A0FA6C1D-4CDF-461E-B93F-3915AF1A5D4E}.Release|Any CPU.ActiveCfg = Release|Any CPU
		{A0FA6C1D-4CDF-461E-B93F-3915AF1A5D4E}.Release|Any CPU.Build.0 = Release|Any CPU
		{AB60F849-132E-4083-8C5A-BAECA8B026B6}.Debug|Any CPU.ActiveCfg = Debug|Any CPU
		{AB60F849-132E-4083-8C5A-BAECA8B026B6}.Debug|Any CPU.Build.0 = Debug|Any CPU
		{AB60F849-132E-4083-8C5A-BAECA8B026B6}.Release|Any CPU.ActiveCfg = Release|Any CPU
		{AB60F849-132E-4083-8C5A-BAECA8B026B6}.Release|Any CPU.Build.0 = Release|Any CPU
		{CE510DBE-87FE-4E69-8710-37DB1D34C96F}.Debug|Any CPU.ActiveCfg = Debug|Any CPU
		{CE510DBE-87FE-4E69-8710-37DB1D34C96F}.Debug|Any CPU.Build.0 = Debug|Any CPU
		{CE510DBE-87FE-4E69-8710-37DB1D34C96F}.Release|Any CPU.ActiveCfg = Release|Any CPU
		{CE510DBE-87FE-4E69-8710-37DB1D34C96F}.Release|Any CPU.Build.0 = Release|Any CPU
		{4D74F8CB-A759-44C3-BCD2-99CA591C302C}.Debug|Any CPU.ActiveCfg = Debug|Any CPU
		{4D74F8CB-A759-44C3-BCD2-99CA591C302C}.Debug|Any CPU.Build.0 = Debug|Any CPU
		{4D74F8CB-A759-44C3-BCD2-99CA591C302C}.Release|Any CPU.ActiveCfg = Release|Any CPU
		{4D74F8CB-A759-44C3-BCD2-99CA591C302C}.Release|Any CPU.Build.0 = Release|Any CPU
		{D34E5F8F-F02F-444B-A77A-CC700C15D266}.Debug|Any CPU.ActiveCfg = Debug|Any CPU
		{D34E5F8F-F02F-444B-A77A-CC700C15D266}.Release|Any CPU.ActiveCfg = Release|Any CPU
		{7830D447-BFFC-45D3-9325-B78F0A95D6B9}.Debug|Any CPU.ActiveCfg = Debug|Any CPU
		{7830D447-BFFC-45D3-9325-B78F0A95D6B9}.Release|Any CPU.ActiveCfg = Release|Any CPU
		{DE5C87BC-DF34-4F13-8CBC-9B76D7BC4E66}.Debug|Any CPU.ActiveCfg = Debug|Any CPU
		{DE5C87BC-DF34-4F13-8CBC-9B76D7BC4E66}.Debug|Any CPU.Build.0 = Debug|Any CPU
		{DE5C87BC-DF34-4F13-8CBC-9B76D7BC4E66}.Release|Any CPU.ActiveCfg = Release|Any CPU
		{DE5C87BC-DF34-4F13-8CBC-9B76D7BC4E66}.Release|Any CPU.Build.0 = Release|Any CPU
	EndGlobalSection
	GlobalSection(SolutionProperties) = preSolution
		HideSolutionNode = FALSE
	EndGlobalSection
EndGlobal
